
Microsoft Visual Studio Solution File, Format Version 12.00
# Visual Studio Version 17
VisualStudioVersion = 17.8.34309.116
MinimumVisualStudioVersion = 10.0.40219.1
Project("{FAE04EC0-301F-11D3-BF4B-00C04F79EFBC}") = "Laser_Communication", "Laser_Communication\Laser_Communication.csproj", "{71EC1BF2-69B9-400F-A5FD-71DAD6B1E33C}"
EndProject
Global
	GlobalSection(SolutionConfigurationPlatforms) = preSolution
		Debug|Any CPU = Debug|Any CPU
		Release|Any CPU = Release|Any CPU
	EndGlobalSection
	GlobalSection(ProjectConfigurationPlatforms) = postSolution
		{71EC1BF2-69B9-400F-A5FD-71DAD6B1E33C}.Debug|Any CPU.ActiveCfg = Debug|Any CPU
		{71EC1BF2-69B9-400F-A5FD-71DAD6B1E33C}.Debug|Any CPU.Build.0 = Debug|Any CPU
		{71EC1BF2-69B9-400F-A5FD-71DAD6B1E33C}.Release|Any CPU.ActiveCfg = Release|Any CPU
		{71EC1BF2-69B9-400F-A5FD-71DAD6B1E33C}.Release|Any CPU.Build.0 = Release|Any CPU
	EndGlobalSection
	GlobalSection(SolutionProperties) = preSolution
		HideSolutionNode = FALSE
	EndGlobalSection
	GlobalSection(ExtensibilityGlobals) = postSolution
		SolutionGuid = {391C0B49-2895-40AC-9A32-68EFC60D9F73}
	EndGlobalSection
EndGlobal
